
Microsoft Visual Studio Solution File, Format Version 12.00
# Visual Studio Version 17
VisualStudioVersion = 17.2.32630.192
MinimumVisualStudioVersion = 10.0.40219.1
Project("{FAE04EC0-301F-11D3-BF4B-00C04F79EFBC}") = "FirstApp", "\cloud\ПКО\SDP-221-1\KanischevI\C#\1-2\FirstApp\FirstApp.csproj", "{DF52D15B-3685-45A8-970C-568186E25774}"
EndProject
Global
	GlobalSection(SolutionConfigurationPlatforms) = preSolution
		Debug|Any CPU = Debug|Any CPU
		Release|Any CPU = Release|Any CPU
	EndGlobalSection
	GlobalSection(ProjectConfigurationPlatforms) = postSolution
		{DF52D15B-3685-45A8-970C-568186E25774}.Debug|Any CPU.ActiveCfg = Debug|Any CPU
		{DF52D15B-3685-45A8-970C-568186E25774}.Debug|Any CPU.Build.0 = Debug|Any CPU
		{DF52D15B-3685-45A8-970C-568186E25774}.Release|Any CPU.ActiveCfg = Release|Any CPU
		{DF52D15B-3685-45A8-970C-568186E25774}.Release|Any CPU.Build.0 = Release|Any CPU
	EndGlobalSection
	GlobalSection(SolutionProperties) = preSolution
		HideSolutionNode = FALSE
	EndGlobalSection
	GlobalSection(ExtensibilityGlobals) = postSolution
		SolutionGuid = {D2778ABF-E98D-4074-BC07-689380E913ED}
	EndGlobalSection
EndGlobal
