
Microsoft Visual Studio Solution File, Format Version 12.00
# Visual Studio Version 17
VisualStudioVersion = 17.2.32505.173
MinimumVisualStudioVersion = 10.0.40219.1
Project("{FAE04EC0-301F-11D3-BF4B-00C04F79EFBC}") = "classwork3_4", "classwork3_4\classwork3_4.csproj", "{7206DD01-D5B5-415A-9F5C-42189AE3F38A}"
EndProject
Global
	GlobalSection(SolutionConfigurationPlatforms) = preSolution
		Debug|Any CPU = Debug|Any CPU
		Release|Any CPU = Release|Any CPU
	EndGlobalSection
	GlobalSection(ProjectConfigurationPlatforms) = postSolution
		{7206DD01-D5B5-415A-9F5C-42189AE3F38A}.Debug|Any CPU.ActiveCfg = Debug|Any CPU
		{7206DD01-D5B5-415A-9F5C-42189AE3F38A}.Debug|Any CPU.Build.0 = Debug|Any CPU
		{7206DD01-D5B5-415A-9F5C-42189AE3F38A}.Release|Any CPU.ActiveCfg = Release|Any CPU
		{7206DD01-D5B5-415A-9F5C-42189AE3F38A}.Release|Any CPU.Build.0 = Release|Any CPU
	EndGlobalSection
	GlobalSection(SolutionProperties) = preSolution
		HideSolutionNode = FALSE
	EndGlobalSection
	GlobalSection(ExtensibilityGlobals) = postSolution
		SolutionGuid = {0F238DED-6A31-4AF7-9510-2635383C5EBF}
	EndGlobalSection
EndGlobal
