
Microsoft Visual Studio Solution File, Format Version 12.00
# Visual Studio Version 17
VisualStudioVersion = 17.2.32630.192
MinimumVisualStudioVersion = 10.0.40219.1
Project("{FAE04EC0-301F-11D3-BF4B-00C04F79EFBC}") = "classwork_1-2_1", "classwork_1-2_1\classwork_1-2_1.csproj", "{61F3799B-C235-4972-A6D5-C5CC85B9C4B8}"
EndProject
Global
	GlobalSection(SolutionConfigurationPlatforms) = preSolution
		Debug|Any CPU = Debug|Any CPU
		Release|Any CPU = Release|Any CPU
	EndGlobalSection
	GlobalSection(ProjectConfigurationPlatforms) = postSolution
		{61F3799B-C235-4972-A6D5-C5CC85B9C4B8}.Debug|Any CPU.ActiveCfg = Debug|Any CPU
		{61F3799B-C235-4972-A6D5-C5CC85B9C4B8}.Debug|Any CPU.Build.0 = Debug|Any CPU
		{61F3799B-C235-4972-A6D5-C5CC85B9C4B8}.Release|Any CPU.ActiveCfg = Release|Any CPU
		{61F3799B-C235-4972-A6D5-C5CC85B9C4B8}.Release|Any CPU.Build.0 = Release|Any CPU
	EndGlobalSection
	GlobalSection(SolutionProperties) = preSolution
		HideSolutionNode = FALSE
	EndGlobalSection
	GlobalSection(ExtensibilityGlobals) = postSolution
		SolutionGuid = {D60111CE-184D-4B6E-915B-F6AEC46E2C4A}
	EndGlobalSection
EndGlobal
