
Microsoft Visual Studio Solution File, Format Version 12.00
# Visual Studio Version 17
VisualStudioVersion = 17.2.32505.173
MinimumVisualStudioVersion = 10.0.40219.1
Project("{9A19103F-16F7-4668-BE54-9A1E7A4F7556}") = "Test", "Test\Test.csproj", "{20AE62B8-D19A-4ECA-8816-255A4ACAEADC}"
EndProject
Project("{FAE04EC0-301F-11D3-BF4B-00C04F79EFBC}") = "Calculator", "..\..\1\Calculator\Calculator.csproj", "{096D7428-A87E-4344-80C5-43A81CAEF179}"
EndProject
Global
	GlobalSection(SolutionConfigurationPlatforms) = preSolution
		Debug|Any CPU = Debug|Any CPU
		Release|Any CPU = Release|Any CPU
	EndGlobalSection
	GlobalSection(ProjectConfigurationPlatforms) = postSolution
		{20AE62B8-D19A-4ECA-8816-255A4ACAEADC}.Debug|Any CPU.ActiveCfg = Debug|Any CPU
		{20AE62B8-D19A-4ECA-8816-255A4ACAEADC}.Debug|Any CPU.Build.0 = Debug|Any CPU
		{20AE62B8-D19A-4ECA-8816-255A4ACAEADC}.Release|Any CPU.ActiveCfg = Release|Any CPU
		{20AE62B8-D19A-4ECA-8816-255A4ACAEADC}.Release|Any CPU.Build.0 = Release|Any CPU
		{096D7428-A87E-4344-80C5-43A81CAEF179}.Debug|Any CPU.ActiveCfg = Debug|Any CPU
		{096D7428-A87E-4344-80C5-43A81CAEF179}.Debug|Any CPU.Build.0 = Debug|Any CPU
		{096D7428-A87E-4344-80C5-43A81CAEF179}.Release|Any CPU.ActiveCfg = Release|Any CPU
		{096D7428-A87E-4344-80C5-43A81CAEF179}.Release|Any CPU.Build.0 = Release|Any CPU
	EndGlobalSection
	GlobalSection(SolutionProperties) = preSolution
		HideSolutionNode = FALSE
	EndGlobalSection
	GlobalSection(ExtensibilityGlobals) = postSolution
		SolutionGuid = {A4377C2E-908F-4770-B0B7-3FDB4B130043}
	EndGlobalSection
EndGlobal
